{
  "name": "@langflow/chat-widget",
  "version": "0.0.1",
  "lockfileVersion": 3,
  "requires": true,
  "packages": {
    "": {
      "name": "@langflow/chat-widget",
      "version": "0.0.1",
      "license": "MIT",
      "peerDependencies": {
        "react": "^18.3.1",
        "react-dom": "^18.3.1"
      }
    },
    "node_modules/@types/mocha": {
      "version": "10.0.10",
      "resolved": "http://localhost:4873/@types/mocha/-/mocha-10.0.10.tgz",
      "integrity": "sha512-xPyYSz1cMPnJQhl0CLMH68j3gprKZaTjG3s5Vi+fDgx+uhG9NOXwbVt52eFS8ECyXhyKcjDLCBEqBExKuiZb7Q==",
      "dev": true,
      "license": "MIT"
    },
    "node_modules/js-tokens": {
      "version": "4.0.0",
      "resolved": "http://localhost:4873/js-tokens/-/js-tokens-4.0.0.tgz",
      "integrity": "sha512-RdJUflcE3cUzKiMqQgsCu06FPu9UdIJO0beYbPhHN4k6apgJtifcoCtT9bcxOpYBtpD2kCM6Sbzg4CausW/PKQ==",
      "license": "MIT",
      "peer": true
    },
    "node_modules/loose-envify": {
      "version": "1.4.0",
      "resolved": "http://localhost:4873/loose-envify/-/loose-envify-1.4.0.tgz",
      "integrity": "sha512-lyuxPGr/Wfhrlem2CL/UcnUc1zcqKAImBDzukY7Y5F/yQiNdko6+fRLevlw1HgMySw7f611UIY408EtxRSoK3Q==",
      "license": "MIT",
      "peer": true,
      "dependencies": {
        "js-tokens": "^3.0.0 || ^4.0.0"
      },
      "bin": {
        "loose-envify": "cli.js"
      }
    },
    "node_modules/react": {
      "version": "18.3.1",
      "resolved": "http://localhost:4873/react/-/react-18.3.1.tgz",
      "integrity": "sha512-wS+hAgJShR0KhEvPJArfuPVN1+Hz1t0Y6n5jLrGQbkb4urgPE/0Rve+1kMB1v/oWgHgm4WIcV+i7F2pTVj+2iQ==",
      "license": "MIT",
      "peer": true,
      "dependencies": {
        "loose-envify": "^1.1.0"
      },
      "engines": {
        "node": ">=0.10.0"
      }
    },
    "node_modules/react-dom": {
      "version": "18.3.1",
      "resolved": "http://localhost:4873/react-dom/-/react-dom-18.3.1.tgz",
      "integrity": "sha512-5m4nQKp+rZRb09LNH59GM4BxTh9251/ylbKIbpe7TpGxfJ+9kv6BLkLBXIjjspbgbnIBNqlI23tRnTWT0snUIw==",
      "license": "MIT",
      "peer": true,
      "dependencies": {
        "loose-envify": "^1.1.0",
        "scheduler": "^0.23.2"
      },
      "peerDependencies": {
        "react": "^18.3.1"
      }
    },
    "node_modules/scheduler": {
      "version": "0.23.2",
      "resolved": "http://localhost:4873/scheduler/-/scheduler-0.23.2.tgz",
      "integrity": "sha512-UOShsPwz7NrMUqhR6t0hWjFduvOzbtv7toDH1/hIrfRNIDBnnBWd0CwJTGvTpngVlmwGCdP9/Zl/tVrDqcuYzQ==",
      "license": "MIT",
      "peer": true,
      "dependencies": {
        "loose-envify": "^1.1.0"
      }
    }
  }
}
