{
  "name": "langflow",
  "version": "1.0.0",
  "lockfileVersion": 3,
  "requires": true,
  "packages": {
    "": {
      "name": "langflow",
      "version": "1.0.0",
      "license": "ISC",
      "dependencies": {
        "uv": "^1.4.0"
      }
    },
    "node_modules/uv": {
      "version": "1.4.0",
      "resolved": "https://registry.npmjs.org/uv/-/uv-1.4.0.tgz",
      "integrity": "sha512-l5HfbQEbCBJwO536Do930OmcZFMr9detnT/8jPLmzX/fm+aGx2/UTRsHOkra1SEm6NkXi7FyiROa/oGH8Eo87g==",
      "deprecated": "Use NodeBuffer.isUtf8() instead, it is faster",
      "license": "MIT",
      "engines": {
        "node": ">=6.0"
      }
    }
  }
}
