{
  "name": "langflow",
  "lockfileVersion": 3,
  "requires": true,
  "packages": {
    "": {
      "dependencies": {
        "@smakss/react-scroll-direction": "^4.2.0"
      }
    },
    "node_modules/@smakss/react-scroll-direction": {
      "version": "4.2.0",
      "resolved": "https://registry.npmjs.org/@smakss/react-scroll-direction/-/react-scroll-direction-4.2.0.tgz",
      "integrity": "sha512-Nim3WSq53mvTfXOpYAJMaXTbXD2vL9Zjip87FHRXtb84uLJn83dBkF8/nKENCCvWqL4p4xcdRPVXsX3DhHJbVA==",
      "license": "MIT",
      "engines": {
        "node": ">=18.0.0"
      },
      "peerDependencies": {
        "react": ">=16.8.0"
      }
    },
    "node_modules/react": {
      "version": "19.1.0",
      "resolved": "https://registry.npmjs.org/react/-/react-19.1.0.tgz",
      "integrity": "sha512-FS+XFBNvn3GTAWq26joslQgWNoFu08F4kl0J4CgdNKADkdSGXQyTCnKteIAJy96Br6YbpEU1LSzV5dYtjMkMDg==",
      "license": "MIT",
      "peer": true,
      "engines": {
        "node": ">=0.10.0"
      }
    }
  }
}
