# This file was autogenerated by uv via the following command:
#    uv pip compile pyproject.toml --output-file uv.lock
aiofiles==24.1.0
    # via langflow-base (pyproject.toml)
aiohappyeyeballs==2.4.4
    # via aiohttp
aiohttp==3.11.10
    # via
    #   auth0-python
    #   instructor
    #   langchain
    #   langchain-community
    #   litellm
    #   spider-client
aiosignal==1.3.1
    # via aiohttp
alembic==1.14.0
    # via
    #   langflow-base (pyproject.toml)
    #   embedchain
annotated-types==0.7.0
    # via pydantic
anyio==4.7.0
    # via
    #   asyncer
    #   httpx
    #   openai
    #   starlette
    #   watchfiles
appdirs==1.4.4
    # via crewai
asgiref==3.8.1
    # via opentelemetry-instrumentation-asgi
assemblyai==0.35.1
    # via langflow-base (pyproject.toml)
asttokens==3.0.0
    # via stack-data
asyncer==0.0.8
    # via langflow-base (pyproject.toml)
attrs==24.2.0
    # via
    #   aiohttp
    #   jsonschema
    #   outcome
    #   referencing
    #   trio
auth0-python==4.7.2
    # via crewai
backoff==2.2.1
    # via posthog
bcrypt==4.0.1
    # via
    #   langflow-base (pyproject.toml)
    #   chromadb
beautifulsoup4==4.12.3
    # via
    #   crewai-tools
    #   embedchain
build==1.2.2.post1
    # via chromadb
cachetools==5.5.0
    # via
    #   langflow-base (pyproject.toml)
    #   google-auth
    #   gptcache
certifi==2024.8.30
    # via
    #   clickhouse-connect
    #   httpcore
    #   httpx
    #   kubernetes
    #   requests
    #   selenium
    #   sentry-sdk
cffi==1.17.1
    # via cryptography
chardet==5.2.0
    # via langflow-base (pyproject.toml)
charset-normalizer==3.4.0
    # via requests
chroma-hnswlib==0.7.6
    # via chromadb
chromadb==0.5.23
    # via
    #   crewai
    #   crewai-tools
    #   embedchain
click==8.1.7
    # via
    #   crewai
    #   litellm
    #   typer
    #   uvicorn
clickhouse-connect==0.7.19
    # via langflow-base (pyproject.toml)
cohere==5.13.2
    # via
    #   embedchain
    #   langchain-cohere
coloredlogs==15.0.1
    # via onnxruntime
crewai==0.80.0
    # via langflow-base (pyproject.toml)
crewai-tools==0.17.0
    # via crewai
cryptography==43.0.3
    # via
    #   langflow-base (pyproject.toml)
    #   auth0-python
dataclasses-json==0.6.7
    # via langchain-community
decorator==5.1.1
    # via ipython
defusedxml==0.7.1
    # via langflow-base (pyproject.toml)
deprecated==1.2.15
    # via
    #   opentelemetry-api
    #   opentelemetry-exporter-otlp-proto-grpc
    #   opentelemetry-exporter-otlp-proto-http
    #   opentelemetry-semantic-conventions
deprecation==2.1.0
    # via lancedb
dill==0.3.9
    # via multiprocess
diskcache==5.6.3
    # via langflow-base (pyproject.toml)
distro==1.9.0
    # via openai
docker==7.1.0
    # via crewai-tools
docstring-parser==0.16
    # via
    #   langflow-base (pyproject.toml)
    #   google-cloud-aiplatform
    #   instructor
docx2txt==0.8
    # via crewai-tools
duckdb==1.1.3
    # via langflow-base (pyproject.toml)
durationpy==0.9
    # via kubernetes
ecdsa==0.19.0
    # via python-jose
embedchain==0.1.125
    # via crewai-tools
emoji==2.14.0
    # via langflow-base (pyproject.toml)
executing==2.1.0
    # via stack-data
fastapi==0.115.6
    # via
    #   langflow-base (pyproject.toml)
    #   chromadb
    #   sentry-sdk
fastapi-pagination==0.12.32
    # via langflow-base (pyproject.toml)
fastavro==1.9.7
    # via cohere
filelock==3.16.1
    # via
    #   langflow-base (pyproject.toml)
    #   huggingface-hub
firecrawl-py==1.6.3
    # via langflow-base (pyproject.toml)
flatbuffers==24.3.25
    # via onnxruntime
frozenlist==1.5.0
    # via
    #   aiohttp
    #   aiosignal
fsspec==2024.10.0
    # via huggingface-hub
google-api-core==2.23.0
    # via
    #   google-cloud-aiplatform
    #   google-cloud-bigquery
    #   google-cloud-core
    #   google-cloud-resource-manager
    #   google-cloud-storage
google-auth==2.36.0
    # via
    #   google-api-core
    #   google-cloud-aiplatform
    #   google-cloud-bigquery
    #   google-cloud-core
    #   google-cloud-resource-manager
    #   google-cloud-storage
    #   kubernetes
google-cloud-aiplatform==1.74.0
    # via embedchain
google-cloud-bigquery==3.27.0
    # via google-cloud-aiplatform
google-cloud-core==2.4.1
    # via
    #   google-cloud-bigquery
    #   google-cloud-storage
google-cloud-resource-manager==1.13.1
    # via google-cloud-aiplatform
google-cloud-storage==2.19.0
    # via google-cloud-aiplatform
google-crc32c==1.6.0
    # via
    #   google-cloud-storage
    #   google-resumable-media
google-resumable-media==2.7.2
    # via
    #   google-cloud-bigquery
    #   google-cloud-storage
googleapis-common-protos==1.66.0
    # via
    #   google-api-core
    #   grpc-google-iam-v1
    #   grpcio-status
    #   opentelemetry-exporter-otlp-proto-grpc
    #   opentelemetry-exporter-otlp-proto-http
gptcache==0.1.44
    # via embedchain
grandalf==0.8
    # via langflow-base (pyproject.toml)
grpc-google-iam-v1==0.13.1
    # via google-cloud-resource-manager
grpcio==1.68.1
    # via
    #   chromadb
    #   google-api-core
    #   googleapis-common-protos
    #   grpc-google-iam-v1
    #   grpcio-status
    #   grpcio-tools
    #   opentelemetry-exporter-otlp-proto-grpc
    #   qdrant-client
grpcio-status==1.68.1
    # via google-api-core
grpcio-tools==1.68.1
    # via qdrant-client
gunicorn==23.0.0
    # via langflow-base (pyproject.toml)
h11==0.14.0
    # via
    #   httpcore
    #   uvicorn
    #   wsproto
h2==4.1.0
    # via httpx
hpack==4.0.0
    # via h2
httpcore==1.0.7
    # via httpx
httptools==0.6.4
    # via uvicorn
httpx==0.28.1
    # via
    #   langflow-base (pyproject.toml)
    #   assemblyai
    #   chromadb
    #   cohere
    #   langsmith
    #   openai
    #   qdrant-client
httpx-sse==0.4.0
    # via
    #   cohere
    #   langchain-community
huggingface-hub==0.26.5
    # via tokenizers
humanfriendly==10.0
    # via coloredlogs
hyperframe==6.0.1
    # via h2
idna==3.10
    # via
    #   anyio
    #   httpx
    #   requests
    #   trio
    #   yarl
ijson==3.3.0
    # via spider-client
importlib-metadata==8.5.0
    # via
    #   litellm
    #   opentelemetry-api
importlib-resources==6.4.5
    # via chromadb
iniconfig==2.0.0
    # via pytest
instructor==1.3.4
    # via crewai
ipython==8.30.0
    # via pyvis
jedi==0.19.2
    # via ipython
jinja2==3.1.4
    # via
    #   litellm
    #   pyvis
jiter==0.4.2
    # via
    #   instructor
    #   openai
jq==1.8.0
    # via langflow-base (pyproject.toml)
json-repair==0.30.3
    # via crewai
jsonpatch==1.33
    # via langchain-core
jsonpickle==4.0.0
    # via pyvis
jsonpointer==3.0.0
    # via jsonpatch
jsonref==1.1.0
    # via crewai
jsonschema==4.23.0
    # via litellm
jsonschema-specifications==2024.10.1
    # via jsonschema
kubernetes==31.0.0
    # via chromadb
lancedb==0.17.0
    # via crewai-tools
langchain==0.3.10
    # via
    #   langflow-base (pyproject.toml)
    #   crewai
    #   embedchain
    #   langchain-community
langchain-cohere==0.3.3
    # via embedchain
langchain-community==0.3.10
    # via
    #   langflow-base (pyproject.toml)
    #   embedchain
    #   langchain-experimental
langchain-core==0.3.22
    # via
    #   langflow-base (pyproject.toml)
    #   langchain
    #   langchain-cohere
    #   langchain-community
    #   langchain-experimental
    #   langchain-openai
    #   langchain-text-splitters
langchain-experimental==0.3.3
    # via
    #   langflow-base (pyproject.toml)
    #   langchain-cohere
langchain-openai==0.2.11
    # via embedchain
langchain-text-splitters==0.3.2
    # via langchain
langchainhub==0.1.21
    # via langflow-base (pyproject.toml)
langsmith==0.1.147
    # via
    #   embedchain
    #   langchain
    #   langchain-community
    #   langchain-core
litellm==1.53.3
    # via crewai
loguru==0.7.3
    # via
    #   langflow-base (pyproject.toml)
    #   sentry-sdk
lxml==5.3.0
    # via python-docx
lz4==4.3.3
    # via clickhouse-connect
mako==1.3.8
    # via alembic
markdown-it-py==3.0.0
    # via rich
markupsafe==3.0.2
    # via
    #   jinja2
    #   mako
marshmallow==3.23.1
    # via dataclasses-json
matplotlib-inline==0.1.7
    # via ipython
mdurl==0.1.2
    # via markdown-it-py
mem0ai==0.1.34
    # via embedchain
mmh3==5.0.1
    # via chromadb
monotonic==1.6
    # via posthog
mpmath==1.3.0
    # via sympy
multidict==6.1.0
    # via
    #   aiohttp
    #   yarl
multiprocess==0.70.17
    # via langflow-base (pyproject.toml)
mypy-extensions==1.0.0
    # via typing-inspect
nanoid==2.0.0
    # via langflow-base (pyproject.toml)
nest-asyncio==1.6.0
    # via
    #   langflow-base (pyproject.toml)
    #   firecrawl-py
networkx==3.4.2
    # via pyvis
nodeenv==1.9.1
    # via pyright
numpy==2.1.3
    # via
    #   chroma-hnswlib
    #   chromadb
    #   gptcache
    #   langchain
    #   langchain-community
    #   onnxruntime
    #   pandas
    #   pylance
    #   qdrant-client
    #   shapely
oauthlib==3.2.2
    # via
    #   kubernetes
    #   requests-oauthlib
onnxruntime==1.20.1
    # via chromadb
openai==1.57.0
    # via
    #   crewai
    #   crewai-tools
    #   embedchain
    #   instructor
    #   langchain-openai
    #   litellm
    #   mem0ai
opentelemetry-api==1.28.2
    # via
    #   langflow-base (pyproject.toml)
    #   chromadb
    #   crewai
    #   opentelemetry-exporter-otlp-proto-grpc
    #   opentelemetry-exporter-otlp-proto-http
    #   opentelemetry-exporter-prometheus
    #   opentelemetry-instrumentation
    #   opentelemetry-instrumentation-asgi
    #   opentelemetry-instrumentation-fastapi
    #   opentelemetry-sdk
    #   opentelemetry-semantic-conventions
opentelemetry-exporter-otlp-proto-common==1.28.2
    # via
    #   opentelemetry-exporter-otlp-proto-grpc
    #   opentelemetry-exporter-otlp-proto-http
opentelemetry-exporter-otlp-proto-grpc==1.28.2
    # via chromadb
opentelemetry-exporter-otlp-proto-http==1.28.2
    # via crewai
opentelemetry-exporter-prometheus==0.49b2
    # via langflow-base (pyproject.toml)
opentelemetry-instrumentation==0.49b2
    # via
    #   opentelemetry-instrumentation-asgi
    #   opentelemetry-instrumentation-fastapi
opentelemetry-instrumentation-asgi==0.49b2
    # via opentelemetry-instrumentation-fastapi
opentelemetry-instrumentation-fastapi==0.49b2
    # via
    #   langflow-base (pyproject.toml)
    #   chromadb
opentelemetry-proto==1.28.2
    # via
    #   opentelemetry-exporter-otlp-proto-common
    #   opentelemetry-exporter-otlp-proto-grpc
    #   opentelemetry-exporter-otlp-proto-http
opentelemetry-sdk==1.28.2
    # via
    #   langflow-base (pyproject.toml)
    #   chromadb
    #   crewai
    #   opentelemetry-exporter-otlp-proto-grpc
    #   opentelemetry-exporter-otlp-proto-http
    #   opentelemetry-exporter-prometheus
opentelemetry-semantic-conventions==0.49b2
    # via
    #   opentelemetry-instrumentation
    #   opentelemetry-instrumentation-asgi
    #   opentelemetry-instrumentation-fastapi
    #   opentelemetry-sdk
opentelemetry-util-http==0.49b2
    # via
    #   opentelemetry-instrumentation-asgi
    #   opentelemetry-instrumentation-fastapi
orjson==3.10.0
    # via
    #   langflow-base (pyproject.toml)
    #   chromadb
    #   langsmith
outcome==1.3.0.post0
    # via trio
overrides==7.7.0
    # via
    #   chromadb
    #   lancedb
packaging==24.2
    # via
    #   build
    #   deprecation
    #   google-cloud-aiplatform
    #   google-cloud-bigquery
    #   gunicorn
    #   huggingface-hub
    #   lancedb
    #   langchain-core
    #   langchainhub
    #   marshmallow
    #   onnxruntime
    #   opentelemetry-instrumentation
    #   pytest
pandas==2.2.2
    # via
    #   langflow-base (pyproject.toml)
    #   langchain-cohere
parameterized==0.9.0
    # via cohere
parso==0.8.4
    # via jedi
passlib==1.7.4
    # via langflow-base (pyproject.toml)
pexpect==4.9.0
    # via ipython
pillow==10.4.0
    # via langflow-base (pyproject.toml)
platformdirs==4.3.6
    # via langflow-base (pyproject.toml)
pluggy==1.5.0
    # via pytest
portalocker==2.10.1
    # via qdrant-client
posthog==3.7.4
    # via
    #   chromadb
    #   embedchain
    #   mem0ai
prometheus-client==0.21.1
    # via
    #   langflow-base (pyproject.toml)
    #   opentelemetry-exporter-prometheus
prompt-toolkit==3.0.48
    # via ipython
propcache==0.2.1
    # via
    #   aiohttp
    #   yarl
proto-plus==1.25.0
    # via
    #   google-api-core
    #   google-cloud-aiplatform
    #   google-cloud-resource-manager
protobuf==5.29.1
    # via
    #   google-api-core
    #   google-cloud-aiplatform
    #   google-cloud-resource-manager
    #   googleapis-common-protos
    #   grpc-google-iam-v1
    #   grpcio-status
    #   grpcio-tools
    #   onnxruntime
    #   opentelemetry-proto
    #   proto-plus
ptyprocess==0.7.0
    # via pexpect
pure-eval==0.2.3
    # via stack-data
pyarrow==18.1.0
    # via pylance
pyasn1==0.6.1
    # via
    #   pyasn1-modules
    #   python-jose
    #   rsa
pyasn1-modules==0.4.1
    # via google-auth
pycparser==2.22
    # via cffi
pydantic==2.7.4
    # via
    #   langflow-base (pyproject.toml)
    #   assemblyai
    #   chromadb
    #   cohere
    #   crewai
    #   crewai-tools
    #   fastapi
    #   fastapi-pagination
    #   google-cloud-aiplatform
    #   instructor
    #   lancedb
    #   langchain
    #   langchain-cohere
    #   langchain-core
    #   langsmith
    #   litellm
    #   mem0ai
    #   openai
    #   pydantic-settings
    #   qdrant-client
    #   sqlmodel
pydantic-core==2.18.4
    # via
    #   cohere
    #   instructor
    #   pydantic
pydantic-settings==2.6.1
    # via
    #   langflow-base (pyproject.toml)
    #   langchain-community
pygments==2.18.0
    # via
    #   ipython
    #   rich
pyjwt==2.10.1
    # via auth0-python
pylance==0.20.0
    # via lancedb
pyparsing==3.2.0
    # via grandalf
pypdf==5.1.0
    # via
    #   langflow-base (pyproject.toml)
    #   embedchain
pyperclip==1.9.0
    # via
    #   langflow-base (pyproject.toml)
    #   uncurl
pypika==0.48.9
    # via chromadb
pyproject-hooks==1.2.0
    # via build
pyright==1.1.390
    # via crewai-tools
pysbd==0.3.4
    # via embedchain
pysocks==1.7.1
    # via urllib3
pytest==8.3.4
    # via crewai-tools
python-dateutil==2.9.0.post0
    # via
    #   google-cloud-bigquery
    #   kubernetes
    #   pandas
    #   posthog
python-docx==1.1.2
    # via langflow-base (pyproject.toml)
python-dotenv==1.0.1
    # via
    #   crewai
    #   embedchain
    #   firecrawl-py
    #   litellm
    #   pydantic-settings
    #   uvicorn
python-jose==3.3.0
    # via langflow-base (pyproject.toml)
python-multipart==0.0.19
    # via langflow-base (pyproject.toml)
pytube==15.0.0
    # via crewai-tools
pytz==2024.2
    # via
    #   clickhouse-connect
    #   mem0ai
    #   pandas
pyvis==0.3.2
    # via crewai
pyyaml==6.0.2
    # via
    #   chromadb
    #   huggingface-hub
    #   kubernetes
    #   langchain
    #   langchain-community
    #   langchain-core
    #   uvicorn
qdrant-client==1.12.1
    # via mem0ai
referencing==0.35.1
    # via
    #   jsonschema
    #   jsonschema-specifications
regex==2024.11.6
    # via
    #   crewai
    #   tiktoken
requests==2.32.3
    # via
    #   auth0-python
    #   cohere
    #   crewai-tools
    #   docker
    #   firecrawl-py
    #   google-api-core
    #   google-cloud-bigquery
    #   google-cloud-storage
    #   gptcache
    #   huggingface-hub
    #   kubernetes
    #   langchain
    #   langchain-community
    #   langchainhub
    #   langsmith
    #   litellm
    #   opentelemetry-exporter-otlp-proto-http
    #   posthog
    #   requests-oauthlib
    #   requests-toolbelt
    #   spider-client
    #   tiktoken
requests-oauthlib==2.0.0
    # via kubernetes
requests-toolbelt==1.0.0
    # via langsmith
rich==13.9.4
    # via
    #   langflow-base (pyproject.toml)
    #   chromadb
    #   embedchain
    #   instructor
    #   typer
rpds-py==0.22.3
    # via
    #   jsonschema
    #   referencing
rsa==4.9
    # via
    #   google-auth
    #   python-jose
schema==0.7.7
    # via embedchain
selenium==4.27.1
    # via crewai-tools
sentry-sdk==2.19.2
    # via langflow-base (pyproject.toml)
setuptools==75.6.0
    # via
    #   langflow-base (pyproject.toml)
    #   grpcio-tools
shapely==2.0.6
    # via google-cloud-aiplatform
shellingham==1.5.4
    # via typer
six==1.17.0
    # via
    #   ecdsa
    #   kubernetes
    #   posthog
    #   python-dateutil
    #   uncurl
sniffio==1.3.1
    # via
    #   anyio
    #   openai
    #   trio
sortedcontainers==2.4.0
    # via trio
soupsieve==2.6
    # via beautifulsoup4
spider-client==0.1.24
    # via langflow-base (pyproject.toml)
sqlalchemy==2.0.36
    # via
    #   alembic
    #   embedchain
    #   langchain
    #   langchain-community
    #   mem0ai
    #   sqlmodel
sqlmodel==0.0.18
    # via langflow-base (pyproject.toml)
stack-data==0.6.3
    # via ipython
starlette==0.41.3
    # via fastapi
sympy==1.13.3
    # via onnxruntime
tabulate==0.9.0
    # via langchain-cohere
tenacity==8.5.0
    # via
    #   chromadb
    #   instructor
    #   langchain
    #   langchain-community
    #   langchain-core
    #   spider-client
tiktoken==0.7.0
    # via
    #   embedchain
    #   langchain-openai
    #   litellm
tokenizers==0.20.3
    # via
    #   chromadb
    #   cohere
    #   litellm
tomli==2.2.1
    # via crewai
tomli-w==1.1.0
    # via crewai
tqdm==4.67.1
    # via
    #   chromadb
    #   huggingface-hub
    #   lancedb
    #   openai
traitlets==5.14.3
    # via
    #   ipython
    #   matplotlib-inline
trio==0.27.0
    # via
    #   selenium
    #   trio-websocket
trio-websocket==0.11.1
    # via selenium
typer==0.15.1
    # via
    #   langflow-base (pyproject.toml)
    #   chromadb
    #   instructor
types-requests==2.32.0.20241016
    # via
    #   cohere
    #   langchainhub
typing-extensions==4.12.2
    # via
    #   alembic
    #   anyio
    #   assemblyai
    #   chromadb
    #   cohere
    #   fastapi
    #   fastapi-pagination
    #   huggingface-hub
    #   langchain-core
    #   openai
    #   opentelemetry-sdk
    #   pydantic
    #   pydantic-core
    #   pyright
    #   python-docx
    #   selenium
    #   sqlalchemy
    #   typer
    #   typing-inspect
typing-inspect==0.9.0
    # via dataclasses-json
tzdata==2024.2
    # via pandas
uncurl==0.0.11
    # via langflow-base (pyproject.toml)
urllib3==2.2.3
    # via
    #   auth0-python
    #   clickhouse-connect
    #   docker
    #   kubernetes
    #   qdrant-client
    #   requests
    #   selenium
    #   sentry-sdk
    #   types-requests
uv==0.5.7
    # via crewai
uvicorn==0.32.1
    # via
    #   langflow-base (pyproject.toml)
    #   chromadb
uvloop==0.21.0
    # via uvicorn
validators==0.34.0
    # via langflow-base (pyproject.toml)
watchfiles==1.0.0
    # via uvicorn
wcwidth==0.2.13
    # via prompt-toolkit
websocket-client==1.8.0
    # via
    #   kubernetes
    #   selenium
websockets==14.1
    # via
    #   assemblyai
    #   firecrawl-py
    #   uvicorn
wrapt==1.17.0
    # via
    #   deprecated
    #   opentelemetry-instrumentation
wsproto==1.2.0
    # via trio-websocket
yarl==1.18.3
    # via aiohttp
zipp==3.21.0
    # via importlib-metadata
zstandard==0.23.0
    # via clickhouse-connect
